
Microsoft Visual Studio Solution File, Format Version 12.00
Project("{FAE04EC0-301F-11D3-BF4B-00C04F79EFBC}") = "TestWebApp", "TestWebApp\TestWebApp.csproj", "{546205B2-2FE5-40AE-B73E-8ADF7367ECD4}"
EndProject
Global
	GlobalSection(SolutionConfigurationPlatforms) = preSolution
		Debug|Any CPU = Debug|Any CPU
		Release|Any CPU = Release|Any CPU
	EndGlobalSection
	GlobalSection(ProjectConfigurationPlatforms) = postSolution
		{546205B2-2FE5-40AE-B73E-8ADF7367ECD4}.Debug|Any CPU.ActiveCfg = Debug|Any CPU
		{546205B2-2FE5-40AE-B73E-8ADF7367ECD4}.Debug|Any CPU.Build.0 = Debug|Any CPU
		{546205B2-2FE5-40AE-B73E-8ADF7367ECD4}.Release|Any CPU.ActiveCfg = Release|Any CPU
		{546205B2-2FE5-40AE-B73E-8ADF7367ECD4}.Release|Any CPU.Build.0 = Release|Any CPU
	EndGlobalSection
EndGlobal
